
Microsoft Visual Studio Solution File, Format Version 12.00
# Visual Studio Version 17
VisualStudioVersion = 17.2.32630.192
MinimumVisualStudioVersion = 10.0.40219.1
Project("{FAE04EC0-301F-11D3-BF4B-00C04F79EFBC}") = "Exercicio_propostos_4_For", "Exercicio_propostos_4_For\Exercicio_propostos_4_For.csproj", "{ECA470E5-B459-41AC-9A71-EDA7F9EC53B8}"
EndProject
Global
	GlobalSection(SolutionConfigurationPlatforms) = preSolution
		Debug|Any CPU = Debug|Any CPU
		Release|Any CPU = Release|Any CPU
	EndGlobalSection
	GlobalSection(ProjectConfigurationPlatforms) = postSolution
		{ECA470E5-B459-41AC-9A71-EDA7F9EC53B8}.Debug|Any CPU.ActiveCfg = Debug|Any CPU
		{ECA470E5-B459-41AC-9A71-EDA7F9EC53B8}.Debug|Any CPU.Build.0 = Debug|Any CPU
		{ECA470E5-B459-41AC-9A71-EDA7F9EC53B8}.Release|Any CPU.ActiveCfg = Release|Any CPU
		{ECA470E5-B459-41AC-9A71-EDA7F9EC53B8}.Release|Any CPU.Build.0 = Release|Any CPU
	EndGlobalSection
	GlobalSection(SolutionProperties) = preSolution
		HideSolutionNode = FALSE
	EndGlobalSection
	GlobalSection(ExtensibilityGlobals) = postSolution
		SolutionGuid = {E33074CC-4C4D-4D3C-98FD-F8D530B589EA}
	EndGlobalSection
EndGlobal
