
Microsoft Visual Studio Solution File, Format Version 12.00
# Visual Studio Version 17
VisualStudioVersion = 17.2.32630.192
MinimumVisualStudioVersion = 10.0.40219.1
Project("{FAE04EC0-301F-11D3-BF4B-00C04F79EFBC}") = "Exercicio_propostos_3_while_3", "Exercicio_propostos_3_while_3\Exercicio_propostos_3_while_3.csproj", "{A91D875C-87A9-4CC7-B649-C42095074EF5}"
EndProject
Global
	GlobalSection(SolutionConfigurationPlatforms) = preSolution
		Debug|Any CPU = Debug|Any CPU
		Release|Any CPU = Release|Any CPU
	EndGlobalSection
	GlobalSection(ProjectConfigurationPlatforms) = postSolution
		{A91D875C-87A9-4CC7-B649-C42095074EF5}.Debug|Any CPU.ActiveCfg = Debug|Any CPU
		{A91D875C-87A9-4CC7-B649-C42095074EF5}.Debug|Any CPU.Build.0 = Debug|Any CPU
		{A91D875C-87A9-4CC7-B649-C42095074EF5}.Release|Any CPU.ActiveCfg = Release|Any CPU
		{A91D875C-87A9-4CC7-B649-C42095074EF5}.Release|Any CPU.Build.0 = Release|Any CPU
	EndGlobalSection
	GlobalSection(SolutionProperties) = preSolution
		HideSolutionNode = FALSE
	EndGlobalSection
	GlobalSection(ExtensibilityGlobals) = postSolution
		SolutionGuid = {177BA8A3-3009-4227-9488-7385B840D44B}
	EndGlobalSection
EndGlobal
