
Microsoft Visual Studio Solution File, Format Version 12.00
# Visual Studio Version 17
VisualStudioVersion = 17.2.32630.192
MinimumVisualStudioVersion = 10.0.40219.1
Project("{FAE04EC0-301F-11D3-BF4B-00C04F79EFBC}") = "Exercicio_propostos_3_while_2", "Exercicio_propostos_3_while_2\Exercicio_propostos_3_while_2.csproj", "{39B0B40D-2A8C-46F6-B359-93F07E89AF96}"
EndProject
Global
	GlobalSection(SolutionConfigurationPlatforms) = preSolution
		Debug|Any CPU = Debug|Any CPU
		Release|Any CPU = Release|Any CPU
	EndGlobalSection
	GlobalSection(ProjectConfigurationPlatforms) = postSolution
		{39B0B40D-2A8C-46F6-B359-93F07E89AF96}.Debug|Any CPU.ActiveCfg = Debug|Any CPU
		{39B0B40D-2A8C-46F6-B359-93F07E89AF96}.Debug|Any CPU.Build.0 = Debug|Any CPU
		{39B0B40D-2A8C-46F6-B359-93F07E89AF96}.Release|Any CPU.ActiveCfg = Release|Any CPU
		{39B0B40D-2A8C-46F6-B359-93F07E89AF96}.Release|Any CPU.Build.0 = Release|Any CPU
	EndGlobalSection
	GlobalSection(SolutionProperties) = preSolution
		HideSolutionNode = FALSE
	EndGlobalSection
	GlobalSection(ExtensibilityGlobals) = postSolution
		SolutionGuid = {8DCC51C4-BFC9-4E5B-8FCF-C28C891FCC49}
	EndGlobalSection
EndGlobal
