
Microsoft Visual Studio Solution File, Format Version 12.00
# Visual Studio Version 17
VisualStudioVersion = 17.2.32630.192
MinimumVisualStudioVersion = 10.0.40219.1
Project("{FAE04EC0-301F-11D3-BF4B-00C04F79EFBC}") = "Aula_27_Operadores_condicionais", "Aula_27_Operadores_condicionais\Aula_27_Operadores_condicionais.csproj", "{1E5F45F4-47C9-422D-A0BE-2D23A677A67B}"
EndProject
Global
	GlobalSection(SolutionConfigurationPlatforms) = preSolution
		Debug|Any CPU = Debug|Any CPU
		Release|Any CPU = Release|Any CPU
	EndGlobalSection
	GlobalSection(ProjectConfigurationPlatforms) = postSolution
		{1E5F45F4-47C9-422D-A0BE-2D23A677A67B}.Debug|Any CPU.ActiveCfg = Debug|Any CPU
		{1E5F45F4-47C9-422D-A0BE-2D23A677A67B}.Debug|Any CPU.Build.0 = Debug|Any CPU
		{1E5F45F4-47C9-422D-A0BE-2D23A677A67B}.Release|Any CPU.ActiveCfg = Release|Any CPU
		{1E5F45F4-47C9-422D-A0BE-2D23A677A67B}.Release|Any CPU.Build.0 = Release|Any CPU
	EndGlobalSection
	GlobalSection(SolutionProperties) = preSolution
		HideSolutionNode = FALSE
	EndGlobalSection
	GlobalSection(ExtensibilityGlobals) = postSolution
		SolutionGuid = {535BD624-A01F-4525-982C-39EECE6FAB41}
	EndGlobalSection
EndGlobal
