
Microsoft Visual Studio Solution File, Format Version 12.00
# Visual Studio Version 17
VisualStudioVersion = 17.2.32630.192
MinimumVisualStudioVersion = 10.0.40219.1
Project("{FAE04EC0-301F-11D3-BF4B-00C04F79EFBC}") = "Exercicios_propostos_2_condicao", "Exercicios_propostos_2_condicao\Exercicios_propostos_2_condicao.csproj", "{1A156020-E3E3-43A8-B525-CAFC597E35D7}"
EndProject
Global
	GlobalSection(SolutionConfigurationPlatforms) = preSolution
		Debug|Any CPU = Debug|Any CPU
		Release|Any CPU = Release|Any CPU
	EndGlobalSection
	GlobalSection(ProjectConfigurationPlatforms) = postSolution
		{1A156020-E3E3-43A8-B525-CAFC597E35D7}.Debug|Any CPU.ActiveCfg = Debug|Any CPU
		{1A156020-E3E3-43A8-B525-CAFC597E35D7}.Debug|Any CPU.Build.0 = Debug|Any CPU
		{1A156020-E3E3-43A8-B525-CAFC597E35D7}.Release|Any CPU.ActiveCfg = Release|Any CPU
		{1A156020-E3E3-43A8-B525-CAFC597E35D7}.Release|Any CPU.Build.0 = Release|Any CPU
	EndGlobalSection
	GlobalSection(SolutionProperties) = preSolution
		HideSolutionNode = FALSE
	EndGlobalSection
	GlobalSection(ExtensibilityGlobals) = postSolution
		SolutionGuid = {E31A02FD-ED32-43D7-8ADD-2F55D050B55E}
	EndGlobalSection
EndGlobal
