
Microsoft Visual Studio Solution File, Format Version 12.00
# Visual Studio Version 17
VisualStudioVersion = 17.2.32630.192
MinimumVisualStudioVersion = 10.0.40219.1
Project("{FAE04EC0-301F-11D3-BF4B-00C04F79EFBC}") = "Aula_25_Operadores_comparativos", "Aula_25_Operadores_comparativos\Aula_25_Operadores_comparativos.csproj", "{8CF059D2-8CE5-44FC-B5C6-074BB280FD52}"
EndProject
Global
	GlobalSection(SolutionConfigurationPlatforms) = preSolution
		Debug|Any CPU = Debug|Any CPU
		Release|Any CPU = Release|Any CPU
	EndGlobalSection
	GlobalSection(ProjectConfigurationPlatforms) = postSolution
		{8CF059D2-8CE5-44FC-B5C6-074BB280FD52}.Debug|Any CPU.ActiveCfg = Debug|Any CPU
		{8CF059D2-8CE5-44FC-B5C6-074BB280FD52}.Debug|Any CPU.Build.0 = Debug|Any CPU
		{8CF059D2-8CE5-44FC-B5C6-074BB280FD52}.Release|Any CPU.ActiveCfg = Release|Any CPU
		{8CF059D2-8CE5-44FC-B5C6-074BB280FD52}.Release|Any CPU.Build.0 = Release|Any CPU
	EndGlobalSection
	GlobalSection(SolutionProperties) = preSolution
		HideSolutionNode = FALSE
	EndGlobalSection
	GlobalSection(ExtensibilityGlobals) = postSolution
		SolutionGuid = {44911AFC-C0BB-44AC-9605-9181A3D84323}
	EndGlobalSection
EndGlobal
