
Microsoft Visual Studio Solution File, Format Version 12.00
# Visual Studio Version 17
VisualStudioVersion = 17.2.32630.192
MinimumVisualStudioVersion = 10.0.40219.1
Project("{FAE04EC0-301F-11D3-BF4B-00C04F79EFBC}") = "Aula_23_Entrada_de_dados", "Aula_23_Entrada_de_dados\Aula_23_Entrada_de_dados.csproj", "{DACD1223-A690-4C44-95FA-80D99F79C438}"
EndProject
Global
	GlobalSection(SolutionConfigurationPlatforms) = preSolution
		Debug|Any CPU = Debug|Any CPU
		Release|Any CPU = Release|Any CPU
	EndGlobalSection
	GlobalSection(ProjectConfigurationPlatforms) = postSolution
		{DACD1223-A690-4C44-95FA-80D99F79C438}.Debug|Any CPU.ActiveCfg = Debug|Any CPU
		{DACD1223-A690-4C44-95FA-80D99F79C438}.Debug|Any CPU.Build.0 = Debug|Any CPU
		{DACD1223-A690-4C44-95FA-80D99F79C438}.Release|Any CPU.ActiveCfg = Release|Any CPU
		{DACD1223-A690-4C44-95FA-80D99F79C438}.Release|Any CPU.Build.0 = Release|Any CPU
	EndGlobalSection
	GlobalSection(SolutionProperties) = preSolution
		HideSolutionNode = FALSE
	EndGlobalSection
	GlobalSection(ExtensibilityGlobals) = postSolution
		SolutionGuid = {53A2D2C5-A5E0-4706-A35E-9FE1E73FB944}
	EndGlobalSection
EndGlobal
